
Microsoft Visual Studio Solution File, Format Version 12.00
# Visual Studio Version 16
VisualStudioVersion = 16.0.29411.108
MinimumVisualStudioVersion = 10.0.40219.1
Project("{FAE04EC0-301F-11D3-BF4B-00C04F79EFBC}") = "CurrencyExtractor", "CurrencyExtractor\CurrencyExtractor.csproj", "{19C3F6D3-AA3C-48BF-A698-D60F29AC46F4}"
EndProject
Project("{FAE04EC0-301F-11D3-BF4B-00C04F79EFBC}") = "CurrencyTransformator", "CurrencyTransformator\CurrencyTransformator.csproj", "{4169D220-C130-494B-80FA-35907BB23849}"
EndProject
Project("{FAE04EC0-301F-11D3-BF4B-00C04F79EFBC}") = "WpfWindow", "WpfWindow\WpfWindow.csproj", "{A7CAC269-F2CE-41C2-BA0C-99A11392613A}"
EndProject
Global
	GlobalSection(SolutionConfigurationPlatforms) = preSolution
		Debug|Any CPU = Debug|Any CPU
		Release|Any CPU = Release|Any CPU
	EndGlobalSection
	GlobalSection(ProjectConfigurationPlatforms) = postSolution
		{19C3F6D3-AA3C-48BF-A698-D60F29AC46F4}.Debug|Any CPU.ActiveCfg = Debug|Any CPU
		{19C3F6D3-AA3C-48BF-A698-D60F29AC46F4}.Debug|Any CPU.Build.0 = Debug|Any CPU
		{19C3F6D3-AA3C-48BF-A698-D60F29AC46F4}.Release|Any CPU.ActiveCfg = Release|Any CPU
		{19C3F6D3-AA3C-48BF-A698-D60F29AC46F4}.Release|Any CPU.Build.0 = Release|Any CPU
		{4169D220-C130-494B-80FA-35907BB23849}.Debug|Any CPU.ActiveCfg = Debug|Any CPU
		{4169D220-C130-494B-80FA-35907BB23849}.Debug|Any CPU.Build.0 = Debug|Any CPU
		{4169D220-C130-494B-80FA-35907BB23849}.Release|Any CPU.ActiveCfg = Release|Any CPU
		{4169D220-C130-494B-80FA-35907BB23849}.Release|Any CPU.Build.0 = Release|Any CPU
		{A7CAC269-F2CE-41C2-BA0C-99A11392613A}.Debug|Any CPU.ActiveCfg = Debug|Any CPU
		{A7CAC269-F2CE-41C2-BA0C-99A11392613A}.Debug|Any CPU.Build.0 = Debug|Any CPU
		{A7CAC269-F2CE-41C2-BA0C-99A11392613A}.Release|Any CPU.ActiveCfg = Release|Any CPU
		{A7CAC269-F2CE-41C2-BA0C-99A11392613A}.Release|Any CPU.Build.0 = Release|Any CPU
	EndGlobalSection
	GlobalSection(SolutionProperties) = preSolution
		HideSolutionNode = FALSE
	EndGlobalSection
	GlobalSection(ExtensibilityGlobals) = postSolution
		SolutionGuid = {2CA261D6-6E07-4AD2-816B-37EAA66A9679}
	EndGlobalSection
EndGlobal
